
Microsoft Visual Studio Solution File, Format Version 12.00
# Visual Studio Version 16
VisualStudioVersion = 16.0.29306.81
MinimumVisualStudioVersion = 10.0.40219.1
Project("{FAE04EC0-301F-11D3-BF4B-00C04F79EFBC}") = "TimelapseMonitor", "TimelapseMonitor\TimelapseMonitor.csproj", "{DF7D2613-151D-49C5-B8BE-6253A962602D}"
EndProject
Global
	GlobalSection(SolutionConfigurationPlatforms) = preSolution
		Debug|Any CPU = Debug|Any CPU
		Release|Any CPU = Release|Any CPU
	EndGlobalSection
	GlobalSection(ProjectConfigurationPlatforms) = postSolution
		{DF7D2613-151D-49C5-B8BE-6253A962602D}.Debug|Any CPU.ActiveCfg = Debug|Any CPU
		{DF7D2613-151D-49C5-B8BE-6253A962602D}.Debug|Any CPU.Build.0 = Debug|Any CPU
		{DF7D2613-151D-49C5-B8BE-6253A962602D}.Release|Any CPU.ActiveCfg = Release|Any CPU
		{DF7D2613-151D-49C5-B8BE-6253A962602D}.Release|Any CPU.Build.0 = Release|Any CPU
	EndGlobalSection
	GlobalSection(SolutionProperties) = preSolution
		HideSolutionNode = FALSE
	EndGlobalSection
	GlobalSection(ExtensibilityGlobals) = postSolution
		SolutionGuid = {41C19245-AA91-4FBA-8D93-D8EA279AE949}
	EndGlobalSection
EndGlobal
